// !$*UTF8*$!
{
	archiveVersion = 1;
	classes = {
	};
	objectVersion = 50;
	objects = {

/* Begin PBXBuildFile section */
		F8ABAC0C27DE19A300E0C3D8 /* AppDelegate.swift in Sources */ = {isa = PBXBuildFile; fileRef = F8ABAC0B27DE19A300E0C3D8 /* AppDelegate.swift */; };
		F8ABAC0E27DE19A300E0C3D8 /* SceneDelegate.swift in Sources */ = {isa = PBXBuildFile; fileRef = F8ABAC0D27DE19A300E0C3D8 /* SceneDelegate.swift */; };
		F8ABAC1027DE19A300E0C3D8 /* ContentView.swift in Sources */ = {isa = PBXBuildFile; fileRef = F8ABAC0F27DE19A300E0C3D8 /* ContentView.swift */; };
		F8ABAC1227DE19A500E0C3D8 /* Assets.xcassets in Resources */ = {isa = PBXBuildFile; fileRef = F8ABAC1127DE19A500E0C3D8 /* Assets.xcassets */; };
		F8ABAC1527DE19A500E0C3D8 /* Preview Assets.xcassets in Resources */ = {isa = PBXBuildFile; fileRef = F8ABAC1427DE19A500E0C3D8 /* Preview Assets.xcassets */; };
		F8ABAC1827DE19A500E0C3D8 /* LaunchScreen.storyboard in Resources */ = {isa = PBXBuildFile; fileRef = F8ABAC1627DE19A500E0C3D8 /* LaunchScreen.storyboard */; };
		F8ABAC2027DE1D3300E0C3D8 /* MyButton.swift in Sources */ = {isa = PBXBuildFile; fileRef = F8ABAC1F27DE1D3300E0C3D8 /* MyButton.swift */; };
/* End PBXBuildFile section */

/* Begin PBXFileReference section */
		F8ABAC0827DE19A300E0C3D8 /* zad_3_1.app */ = {isa = PBXFileReference; explicitFileType = wrapper.application; includeInIndex = 0; path = zad_3_1.app; sourceTree = BUILT_PRODUCTS_DIR; };
		F8ABAC0B27DE19A300E0C3D8 /* AppDelegate.swift */ = {isa = PBXFileReference; lastKnownFileType = sourcecode.swift; path = AppDelegate.swift; sourceTree = "<group>"; };
		F8ABAC0D27DE19A300E0C3D8 /* SceneDelegate.swift */ = {isa = PBXFileReference; lastKnownFileType = sourcecode.swift; path = SceneDelegate.swift; sourceTree = "<group>"; };
		F8ABAC0F27DE19A300E0C3D8 /* ContentView.swift */ = {isa = PBXFileReference; lastKnownFileType = sourcecode.swift; path = ContentView.swift; sourceTree = "<group>"; };
		F8ABAC1127DE19A500E0C3D8 /* Assets.xcassets */ = {isa = PBXFileReference; lastKnownFileType = folder.assetcatalog; path = Assets.xcassets; sourceTree = "<group>"; };
		F8ABAC1427DE19A500E0C3D8 /* Preview Assets.xcassets */ = {isa = PBXFileReference; lastKnownFileType = folder.assetcatalog; path = "Preview Assets.xcassets"; sourceTree = "<group>"; };
		F8ABAC1727DE19A500E0C3D8 /* Base */ = {isa = PBXFileReference; lastKnownFileType = file.storyboard; name = Base; path = Base.lproj/LaunchScreen.storyboard; sourceTree = "<group>"; };
		F8ABAC1927DE19A500E0C3D8 /* Info.plist */ = {isa = PBXFileReference; lastKnownFileType = text.plist.xml; path = Info.plist; sourceTree = "<group>"; };
		F8ABAC1F27DE1D3300E0C3D8 /* MyButton.swift */ = {isa = PBXFileReference; lastKnownFileType = sourcecode.swift; path = MyButton.swift; sourceTree = "<group>"; };
/* End PBXFileReference section */

/* Begin PBXFrameworksBuildPhase section */
		F8ABAC0527DE19A300E0C3D8 /* Frameworks */ = {
			isa = PBXFrameworksBuildPhase;
			buildActionMask = 2147483647;
			files = (
			);
			runOnlyForDeploymentPostprocessing = 0;
		};
/* End PBXFrameworksBuildPhase section */

/* Begin PBXGroup section */
		F8ABABFF27DE19A300E0C3D8 = {
			isa = PBXGroup;
			children = (
				F8ABAC0A27DE19A300E0C3D8 /* zad_3_1 */,
				F8ABAC0927DE19A300E0C3D8 /* Products */,
			);
			sourceTree = "<group>";
		};
		F8ABAC0927DE19A300E0C3D8 /* Products */ = {
			isa = PBXGroup;
			children = (
				F8ABAC0827DE19A300E0C3D8 /* zad_3_1.app */,
			);
			name = Products;
			sourceTree = "<group>";
		};
		F8ABAC0A27DE19A300E0C3D8 /* zad_3_1 */ = {
			isa = PBXGroup;
			children = (
				F8ABAC0B27DE19A300E0C3D8 /* AppDelegate.swift */,
				F8ABAC0D27DE19A300E0C3D8 /* SceneDelegate.swift */,
				F8ABAC0F27DE19A300E0C3D8 /* ContentView.swift */,
				F8ABAC1127DE19A500E0C3D8 /* Assets.xcassets */,
				F8ABAC1627DE19A500E0C3D8 /* LaunchScreen.storyboard */,
				F8ABAC1927DE19A500E0C3D8 /* Info.plist */,
				F8ABAC1327DE19A500E0C3D8 /* Preview Content */,
				F8ABAC1F27DE1D3300E0C3D8 /* MyButton.swift */,
			);
			path = zad_3_1;
			sourceTree = "<group>";
		};
		F8ABAC1327DE19A500E0C3D8 /* Preview Content */ = {
			isa = PBXGroup;
			children = (
				F8ABAC1427DE19A500E0C3D8 /* Preview Assets.xcassets */,
			);
			path = "Preview Content";
			sourceTree = "<group>";
		};
/* End PBXGroup section */

/* Begin PBXNativeTarget section */
		F8ABAC0727DE19A300E0C3D8 /* zad_3_1 */ = {
			isa = PBXNativeTarget;
			buildConfigurationList = F8ABAC1C27DE19A500E0C3D8 /* Build configuration list for PBXNativeTarget "zad_3_1" */;
			buildPhases = (
				F8ABAC0427DE19A300E0C3D8 /* Sources */,
				F8ABAC0527DE19A300E0C3D8 /* Frameworks */,
				F8ABAC0627DE19A300E0C3D8 /* Resources */,
			);
			buildRules = (
			);
			dependencies = (
			);
			name = zad_3_1;
			productName = zad_3_1;
			productReference = F8ABAC0827DE19A300E0C3D8 /* zad_3_1.app */;
			productType = "com.apple.product-type.application";
		};
/* End PBXNativeTarget section */

/* Begin PBXProject section */
		F8ABAC0027DE19A300E0C3D8 /* Project object */ = {
			isa = PBXProject;
			attributes = {
				LastSwiftUpdateCheck = 1130;
				LastUpgradeCheck = 1130;
				ORGANIZATIONNAME = "Rafał Kuźmiczuk";
				TargetAttributes = {
					F8ABAC0727DE19A300E0C3D8 = {
						CreatedOnToolsVersion = 11.3.1;
					};
				};
			};
			buildConfigurationList = F8ABAC0327DE19A300E0C3D8 /* Build configuration list for PBXProject "zad_3_1" */;
			compatibilityVersion = "Xcode 9.3";
			developmentRegion = en;
			hasScannedForEncodings = 0;
			knownRegions = (
				en,
				Base,
			);
			mainGroup = F8ABABFF27DE19A300E0C3D8;
			productRefGroup = F8ABAC0927DE19A300E0C3D8 /* Products */;
			projectDirPath = "";
			projectRoot = "";
			targets = (
				F8ABAC0727DE19A300E0C3D8 /* zad_3_1 */,
			);
		};
/* End PBXProject section */

/* Begin PBXResourcesBuildPhase section */
		F8ABAC0627DE19A300E0C3D8 /* Resources */ = {
			isa = PBXResourcesBuildPhase;
			buildActionMask = 2147483647;
			files = (
				F8ABAC1827DE19A500E0C3D8 /* LaunchScreen.storyboard in Resources */,
				F8ABAC1527DE19A500E0C3D8 /* Preview Assets.xcassets in Resources */,
				F8ABAC1227DE19A500E0C3D8 /* Assets.xcassets in Resources */,
			);
			runOnlyForDeploymentPostprocessing = 0;
		};
/* End PBXResourcesBuildPhase section */

/* Begin PBXSourcesBuildPhase section */
		F8ABAC0427DE19A300E0C3D8 /* Sources */ = {
			isa = PBXSourcesBuildPhase;
			buildActionMask = 2147483647;
			files = (
				F8ABAC0C27DE19A300E0C3D8 /* AppDelegate.swift in Sources */,
				F8ABAC2027DE1D3300E0C3D8 /* MyButton.swift in Sources */,
				F8ABAC0E27DE19A300E0C3D8 /* SceneDelegate.swift in Sources */,
				F8ABAC1027DE19A300E0C3D8 /* ContentView.swift in Sources */,
			);
			runOnlyForDeploymentPostprocessing = 0;
		};
/* End PBXSourcesBuildPhase section */

/* Begin PBXVariantGroup section */
		F8ABAC1627DE19A500E0C3D8 /* LaunchScreen.storyboard */ = {
			isa = PBXVariantGroup;
			children = (
				F8ABAC1727DE19A500E0C3D8 /* Base */,
			);
			name = LaunchScreen.storyboard;
			sourceTree = "<group>";
		};
/* End PBXVariantGroup section */

/* Begin XCBuildConfiguration section */
		F8ABAC1A27DE19A500E0C3D8 /* Debug */ = {
			isa = XCBuildConfiguration;
			buildSettings = {
				ALWAYS_SEARCH_USER_PATHS = NO;
				CLANG_ANALYZER_NONNULL = YES;
				CLANG_ANALYZER_NUMBER_OBJECT_CONVERSION = YES_AGGRESSIVE;
				CLANG_CXX_LANGUAGE_STANDARD = "gnu++14";
				CLANG_CXX_LIBRARY = "libc++";
				CLANG_ENABLE_MODULES = YES;
				CLANG_ENABLE_OBJC_ARC = YES;
				CLANG_ENABLE_OBJC_WEAK = YES;
				CLANG_WARN_BLOCK_CAPTURE_AUTORELEASING = YES;
				CLANG_WARN_BOOL_CONVERSION = YES;
				CLANG_WARN_COMMA = YES;
				CLANG_WARN_CONSTANT_CONVERSION = YES;
				CLANG_WARN_DEPRECATED_OBJC_IMPLEMENTATIONS = YES;
				CLANG_WARN_DIRECT_OBJC_ISA_USAGE = YES_ERROR;
				CLANG_WARN_DOCUMENTATION_COMMENTS = YES;
				CLANG_WARN_EMPTY_BODY = YES;
				CLANG_WARN_ENUM_CONVERSION = YES;
				CLANG_WARN_INFINITE_RECURSION = YES;
				CLANG_WARN_INT_CONVERSION = YES;
				CLANG_WARN_NON_LITERAL_NULL_CONVERSION = YES;
				CLANG_WARN_OBJC_IMPLICIT_RETAIN_SELF = YES;
				CLANG_WARN_OBJC_LITERAL_CONVERSION = YES;
				CLANG_WARN_OBJC_ROOT_CLASS = YES_ERROR;
				CLANG_WARN_RANGE_LOOP_ANALYSIS = YES;
				CLANG_WARN_STRICT_PROTOTYPES = YES;
				CLANG_WARN_SUSPICIOUS_MOVE = YES;
				CLANG_WARN_UNGUARDED_AVAILABILITY = YES_AGGRESSIVE;
				CLANG_WARN_UNREACHABLE_CODE = YES;
				CLANG_WARN__DUPLICATE_METHOD_MATCH = YES;
				COPY_PHASE_STRIP = NO;
				DEBUG_INFORMATION_FORMAT = dwarf;
				ENABLE_STRICT_OBJC_MSGSEND = YES;
				ENABLE_TESTABILITY = YES;
				GCC_C_LANGUAGE_STANDARD = gnu11;
				GCC_DYNAMIC_NO_PIC = NO;
				GCC_NO_COMMON_BLOCKS = YES;
				GCC_OPTIMIZATION_LEVEL = 0;
				GCC_PREPROCESSOR_DEFINITIONS = (
					"DEBUG=1",
					"$(inherited)",
				);
				GCC_WARN_64_TO_32_BIT_CONVERSION = YES;
				GCC_WARN_ABOUT_RETURN_TYPE = YES_ERROR;
				GCC_WARN_UNDECLARED_SELECTOR = YES;
				GCC_WARN_UNINITIALIZED_AUTOS = YES_AGGRESSIVE;
				GCC_WARN_UNUSED_FUNCTION = YES;
				GCC_WARN_UNUSED_VARIABLE = YES;
				IPHONEOS_DEPLOYMENT_TARGET = 13.2;
				MTL_ENABLE_DEBUG_INFO = INCLUDE_SOURCE;
				MTL_FAST_MATH = YES;
				ONLY_ACTIVE_ARCH = YES;
				SDKROOT = iphoneos;
				SWIFT_ACTIVE_COMPILATION_CONDITIONS = DEBUG;
				SWIFT_OPTIMIZATION_LEVEL = "-Onone";
			};
			name = Debug;
		};
		F8ABAC1B27DE19A500E0C3D8 /* Release */ = {
			isa = XCBuildConfiguration;
			buildSettings = {
				ALWAYS_SEARCH_USER_PATHS = NO;
				CLANG_ANALYZER_NONNULL = YES;
				CLANG_ANALYZER_NUMBER_OBJECT_CONVERSION = YES_AGGRESSIVE;
				CLANG_CXX_LANGUAGE_STANDARD = "gnu++14";
				CLANG_CXX_LIBRARY = "libc++";
				CLANG_ENABLE_MODULES = YES;
				CLANG_ENABLE_OBJC_ARC = YES;
				CLANG_ENABLE_OBJC_WEAK = YES;
				CLANG_WARN_BLOCK_CAPTURE_AUTORELEASING = YES;
				CLANG_WARN_BOOL_CONVERSION = YES;
				CLANG_WARN_COMMA = YES;
				CLANG_WARN_CONSTANT_CONVERSION = YES;
				CLANG_WARN_DEPRECATED_OBJC_IMPLEMENTATIONS = YES;
				CLANG_WARN_DIRECT_OBJC_ISA_USAGE = YES_ERROR;
				CLANG_WARN_DOCUMENTATION_COMMENTS = YES;
				CLANG_WARN_EMPTY_BODY = YES;
				CLANG_WARN_ENUM_CONVERSION = YES;
				CLANG_WARN_INFINITE_RECURSION = YES;
				CLANG_WARN_INT_CONVERSION = YES;
				CLANG_WARN_NON_LITERAL_NULL_CONVERSION = YES;
				CLANG_WARN_OBJC_IMPLICIT_RETAIN_SELF = YES;
				CLANG_WARN_OBJC_LITERAL_CONVERSION = YES;
				CLANG_WARN_OBJC_ROOT_CLASS = YES_ERROR;
				CLANG_WARN_RANGE_LOOP_ANALYSIS = YES;
				CLANG_WARN_STRICT_PROTOTYPES = YES;
				CLANG_WARN_SUSPICIOUS_MOVE = YES;
				CLANG_WARN_UNGUARDED_AVAILABILITY = YES_AGGRESSIVE;
				CLANG_WARN_UNREACHABLE_CODE = YES;
				CLANG_WARN__DUPLICATE_METHOD_MATCH = YES;
				COPY_PHASE_STRIP = NO;
				DEBUG_INFORMATION_FORMAT = "dwarf-with-dsym";
				ENABLE_NS_ASSERTIONS = NO;
				ENABLE_STRICT_OBJC_MSGSEND = YES;
				GCC_C_LANGUAGE_STANDARD = gnu11;
				GCC_NO_COMMON_BLOCKS = YES;
				GCC_WARN_64_TO_32_BIT_CONVERSION = YES;
				GCC_WARN_ABOUT_RETURN_TYPE = YES_ERROR;
				GCC_WARN_UNDECLARED_SELECTOR = YES;
				GCC_WARN_UNINITIALIZED_AUTOS = YES_AGGRESSIVE;
				GCC_WARN_UNUSED_FUNCTION = YES;
				GCC_WARN_UNUSED_VARIABLE = YES;
				IPHONEOS_DEPLOYMENT_TARGET = 13.2;
				MTL_ENABLE_DEBUG_INFO = NO;
				MTL_FAST_MATH = YES;
				SDKROOT = iphoneos;
				SWIFT_COMPILATION_MODE = wholemodule;
				SWIFT_OPTIMIZATION_LEVEL = "-O";
				VALIDATE_PRODUCT = YES;
			};
			name = Release;
		};
		F8ABAC1D27DE19A500E0C3D8 /* Debug */ = {
			isa = XCBuildConfiguration;
			buildSettings = {
				ASSETCATALOG_COMPILER_APPICON_NAME = AppIcon;
				CODE_SIGN_STYLE = Automatic;
				DEVELOPMENT_ASSET_PATHS = "\"zad_3_1/Preview Content\"";
				ENABLE_PREVIEWS = YES;
				INFOPLIST_FILE = zad_3_1/Info.plist;
				LD_RUNPATH_SEARCH_PATHS = (
					"$(inherited)",
					"@executable_path/Frameworks",
				);
				PRODUCT_BUNDLE_IDENTIFIER = "PL.zad-3-1";
				PRODUCT_NAME = "$(TARGET_NAME)";
				SWIFT_VERSION = 5.0;
				TARGETED_DEVICE_FAMILY = "1,2";
			};
			name = Debug;
		};
		F8ABAC1E27DE19A500E0C3D8 /* Release */ = {
			isa = XCBuildConfiguration;
			buildSettings = {
				ASSETCATALOG_COMPILER_APPICON_NAME = AppIcon;
				CODE_SIGN_STYLE = Automatic;
				DEVELOPMENT_ASSET_PATHS = "\"zad_3_1/Preview Content\"";
				ENABLE_PREVIEWS = YES;
				INFOPLIST_FILE = zad_3_1/Info.plist;
				LD_RUNPATH_SEARCH_PATHS = (
					"$(inherited)",
					"@executable_path/Frameworks",
				);
				PRODUCT_BUNDLE_IDENTIFIER = "PL.zad-3-1";
				PRODUCT_NAME = "$(TARGET_NAME)";
				SWIFT_VERSION = 5.0;
				TARGETED_DEVICE_FAMILY = "1,2";
			};
			name = Release;
		};
/* End XCBuildConfiguration section */

/* Begin XCConfigurationList section */
		F8ABAC0327DE19A300E0C3D8 /* Build configuration list for PBXProject "zad_3_1" */ = {
			isa = XCConfigurationList;
			buildConfigurations = (
				F8ABAC1A27DE19A500E0C3D8 /* Debug */,
				F8ABAC1B27DE19A500E0C3D8 /* Release */,
			);
			defaultConfigurationIsVisible = 0;
			defaultConfigurationName = Release;
		};
		F8ABAC1C27DE19A500E0C3D8 /* Build configuration list for PBXNativeTarget "zad_3_1" */ = {
			isa = XCConfigurationList;
			buildConfigurations = (
				F8ABAC1D27DE19A500E0C3D8 /* Debug */,
				F8ABAC1E27DE19A500E0C3D8 /* Release */,
			);
			defaultConfigurationIsVisible = 0;
			defaultConfigurationName = Release;
		};
/* End XCConfigurationList section */
	};
	rootObject = F8ABAC0027DE19A300E0C3D8 /* Project object */;
}
