// !$*UTF8*$!
{
	archiveVersion = 1;
	classes = {
	};
	objectVersion = 50;
	objects = {

/* Begin PBXBuildFile section */
		F8DB720227E53B3400706BF7 /* AppDelegate.swift in Sources */ = {isa = PBXBuildFile; fileRef = F8DB720127E53B3400706BF7 /* AppDelegate.swift */; };
		F8DB720427E53B3400706BF7 /* SceneDelegate.swift in Sources */ = {isa = PBXBuildFile; fileRef = F8DB720327E53B3400706BF7 /* SceneDelegate.swift */; };
		F8DB720627E53B3400706BF7 /* ContentView.swift in Sources */ = {isa = PBXBuildFile; fileRef = F8DB720527E53B3400706BF7 /* ContentView.swift */; };
		F8DB720827E53B3600706BF7 /* Assets.xcassets in Resources */ = {isa = PBXBuildFile; fileRef = F8DB720727E53B3600706BF7 /* Assets.xcassets */; };
		F8DB720B27E53B3600706BF7 /* Preview Assets.xcassets in Resources */ = {isa = PBXBuildFile; fileRef = F8DB720A27E53B3600706BF7 /* Preview Assets.xcassets */; };
		F8DB720E27E53B3600706BF7 /* LaunchScreen.storyboard in Resources */ = {isa = PBXBuildFile; fileRef = F8DB720C27E53B3600706BF7 /* LaunchScreen.storyboard */; };
		F8DB721627E5454800706BF7 /* Shapes.swift in Sources */ = {isa = PBXBuildFile; fileRef = F8DB721527E5454800706BF7 /* Shapes.swift */; };
/* End PBXBuildFile section */

/* Begin PBXFileReference section */
		F8DB71FE27E53B3400706BF7 /* zad_4_2.app */ = {isa = PBXFileReference; explicitFileType = wrapper.application; includeInIndex = 0; path = zad_4_2.app; sourceTree = BUILT_PRODUCTS_DIR; };
		F8DB720127E53B3400706BF7 /* AppDelegate.swift */ = {isa = PBXFileReference; lastKnownFileType = sourcecode.swift; path = AppDelegate.swift; sourceTree = "<group>"; };
		F8DB720327E53B3400706BF7 /* SceneDelegate.swift */ = {isa = PBXFileReference; lastKnownFileType = sourcecode.swift; path = SceneDelegate.swift; sourceTree = "<group>"; };
		F8DB720527E53B3400706BF7 /* ContentView.swift */ = {isa = PBXFileReference; lastKnownFileType = sourcecode.swift; path = ContentView.swift; sourceTree = "<group>"; };
		F8DB720727E53B3600706BF7 /* Assets.xcassets */ = {isa = PBXFileReference; lastKnownFileType = folder.assetcatalog; path = Assets.xcassets; sourceTree = "<group>"; };
		F8DB720A27E53B3600706BF7 /* Preview Assets.xcassets */ = {isa = PBXFileReference; lastKnownFileType = folder.assetcatalog; path = "Preview Assets.xcassets"; sourceTree = "<group>"; };
		F8DB720D27E53B3600706BF7 /* Base */ = {isa = PBXFileReference; lastKnownFileType = file.storyboard; name = Base; path = Base.lproj/LaunchScreen.storyboard; sourceTree = "<group>"; };
		F8DB720F27E53B3600706BF7 /* Info.plist */ = {isa = PBXFileReference; lastKnownFileType = text.plist.xml; path = Info.plist; sourceTree = "<group>"; };
		F8DB721527E5454800706BF7 /* Shapes.swift */ = {isa = PBXFileReference; lastKnownFileType = sourcecode.swift; name = Shapes.swift; path = Shapes/Shapes.swift; sourceTree = "<group>"; };
/* End PBXFileReference section */

/* Begin PBXFrameworksBuildPhase section */
		F8DB71FB27E53B3400706BF7 /* Frameworks */ = {
			isa = PBXFrameworksBuildPhase;
			buildActionMask = 2147483647;
			files = (
			);
			runOnlyForDeploymentPostprocessing = 0;
		};
/* End PBXFrameworksBuildPhase section */

/* Begin PBXGroup section */
		F8DB71F527E53B3400706BF7 = {
			isa = PBXGroup;
			children = (
				F8DB720027E53B3400706BF7 /* zad_4_2 */,
				F8DB71FF27E53B3400706BF7 /* Products */,
			);
			sourceTree = "<group>";
		};
		F8DB71FF27E53B3400706BF7 /* Products */ = {
			isa = PBXGroup;
			children = (
				F8DB71FE27E53B3400706BF7 /* zad_4_2.app */,
			);
			name = Products;
			sourceTree = "<group>";
		};
		F8DB720027E53B3400706BF7 /* zad_4_2 */ = {
			isa = PBXGroup;
			children = (
				F8DB721527E5454800706BF7 /* Shapes.swift */,
				F8DB720127E53B3400706BF7 /* AppDelegate.swift */,
				F8DB720327E53B3400706BF7 /* SceneDelegate.swift */,
				F8DB720527E53B3400706BF7 /* ContentView.swift */,
				F8DB720727E53B3600706BF7 /* Assets.xcassets */,
				F8DB720C27E53B3600706BF7 /* LaunchScreen.storyboard */,
				F8DB720F27E53B3600706BF7 /* Info.plist */,
				F8DB720927E53B3600706BF7 /* Preview Content */,
			);
			path = zad_4_2;
			sourceTree = "<group>";
		};
		F8DB720927E53B3600706BF7 /* Preview Content */ = {
			isa = PBXGroup;
			children = (
				F8DB720A27E53B3600706BF7 /* Preview Assets.xcassets */,
			);
			path = "Preview Content";
			sourceTree = "<group>";
		};
/* End PBXGroup section */

/* Begin PBXNativeTarget section */
		F8DB71FD27E53B3400706BF7 /* zad_4_2 */ = {
			isa = PBXNativeTarget;
			buildConfigurationList = F8DB721227E53B3600706BF7 /* Build configuration list for PBXNativeTarget "zad_4_2" */;
			buildPhases = (
				F8DB71FA27E53B3400706BF7 /* Sources */,
				F8DB71FB27E53B3400706BF7 /* Frameworks */,
				F8DB71FC27E53B3400706BF7 /* Resources */,
			);
			buildRules = (
			);
			dependencies = (
			);
			name = zad_4_2;
			productName = zad_4_2;
			productReference = F8DB71FE27E53B3400706BF7 /* zad_4_2.app */;
			productType = "com.apple.product-type.application";
		};
/* End PBXNativeTarget section */

/* Begin PBXProject section */
		F8DB71F627E53B3400706BF7 /* Project object */ = {
			isa = PBXProject;
			attributes = {
				LastSwiftUpdateCheck = 1130;
				LastUpgradeCheck = 1130;
				ORGANIZATIONNAME = "Rafał Kuźmiczuk";
				TargetAttributes = {
					F8DB71FD27E53B3400706BF7 = {
						CreatedOnToolsVersion = 11.3.1;
					};
				};
			};
			buildConfigurationList = F8DB71F927E53B3400706BF7 /* Build configuration list for PBXProject "zad_4_2" */;
			compatibilityVersion = "Xcode 9.3";
			developmentRegion = en;
			hasScannedForEncodings = 0;
			knownRegions = (
				en,
				Base,
			);
			mainGroup = F8DB71F527E53B3400706BF7;
			productRefGroup = F8DB71FF27E53B3400706BF7 /* Products */;
			projectDirPath = "";
			projectRoot = "";
			targets = (
				F8DB71FD27E53B3400706BF7 /* zad_4_2 */,
			);
		};
/* End PBXProject section */

/* Begin PBXResourcesBuildPhase section */
		F8DB71FC27E53B3400706BF7 /* Resources */ = {
			isa = PBXResourcesBuildPhase;
			buildActionMask = 2147483647;
			files = (
				F8DB720E27E53B3600706BF7 /* LaunchScreen.storyboard in Resources */,
				F8DB720B27E53B3600706BF7 /* Preview Assets.xcassets in Resources */,
				F8DB720827E53B3600706BF7 /* Assets.xcassets in Resources */,
			);
			runOnlyForDeploymentPostprocessing = 0;
		};
/* End PBXResourcesBuildPhase section */

/* Begin PBXSourcesBuildPhase section */
		F8DB71FA27E53B3400706BF7 /* Sources */ = {
			isa = PBXSourcesBuildPhase;
			buildActionMask = 2147483647;
			files = (
				F8DB720227E53B3400706BF7 /* AppDelegate.swift in Sources */,
				F8DB720427E53B3400706BF7 /* SceneDelegate.swift in Sources */,
				F8DB720627E53B3400706BF7 /* ContentView.swift in Sources */,
				F8DB721627E5454800706BF7 /* Shapes.swift in Sources */,
			);
			runOnlyForDeploymentPostprocessing = 0;
		};
/* End PBXSourcesBuildPhase section */

/* Begin PBXVariantGroup section */
		F8DB720C27E53B3600706BF7 /* LaunchScreen.storyboard */ = {
			isa = PBXVariantGroup;
			children = (
				F8DB720D27E53B3600706BF7 /* Base */,
			);
			name = LaunchScreen.storyboard;
			sourceTree = "<group>";
		};
/* End PBXVariantGroup section */

/* Begin XCBuildConfiguration section */
		F8DB721027E53B3600706BF7 /* Debug */ = {
			isa = XCBuildConfiguration;
			buildSettings = {
				ALWAYS_SEARCH_USER_PATHS = NO;
				CLANG_ANALYZER_NONNULL = YES;
				CLANG_ANALYZER_NUMBER_OBJECT_CONVERSION = YES_AGGRESSIVE;
				CLANG_CXX_LANGUAGE_STANDARD = "gnu++14";
				CLANG_CXX_LIBRARY = "libc++";
				CLANG_ENABLE_MODULES = YES;
				CLANG_ENABLE_OBJC_ARC = YES;
				CLANG_ENABLE_OBJC_WEAK = YES;
				CLANG_WARN_BLOCK_CAPTURE_AUTORELEASING = YES;
				CLANG_WARN_BOOL_CONVERSION = YES;
				CLANG_WARN_COMMA = YES;
				CLANG_WARN_CONSTANT_CONVERSION = YES;
				CLANG_WARN_DEPRECATED_OBJC_IMPLEMENTATIONS = YES;
				CLANG_WARN_DIRECT_OBJC_ISA_USAGE = YES_ERROR;
				CLANG_WARN_DOCUMENTATION_COMMENTS = YES;
				CLANG_WARN_EMPTY_BODY = YES;
				CLANG_WARN_ENUM_CONVERSION = YES;
				CLANG_WARN_INFINITE_RECURSION = YES;
				CLANG_WARN_INT_CONVERSION = YES;
				CLANG_WARN_NON_LITERAL_NULL_CONVERSION = YES;
				CLANG_WARN_OBJC_IMPLICIT_RETAIN_SELF = YES;
				CLANG_WARN_OBJC_LITERAL_CONVERSION = YES;
				CLANG_WARN_OBJC_ROOT_CLASS = YES_ERROR;
				CLANG_WARN_RANGE_LOOP_ANALYSIS = YES;
				CLANG_WARN_STRICT_PROTOTYPES = YES;
				CLANG_WARN_SUSPICIOUS_MOVE = YES;
				CLANG_WARN_UNGUARDED_AVAILABILITY = YES_AGGRESSIVE;
				CLANG_WARN_UNREACHABLE_CODE = YES;
				CLANG_WARN__DUPLICATE_METHOD_MATCH = YES;
				COPY_PHASE_STRIP = NO;
				DEBUG_INFORMATION_FORMAT = dwarf;
				ENABLE_STRICT_OBJC_MSGSEND = YES;
				ENABLE_TESTABILITY = YES;
				GCC_C_LANGUAGE_STANDARD = gnu11;
				GCC_DYNAMIC_NO_PIC = NO;
				GCC_NO_COMMON_BLOCKS = YES;
				GCC_OPTIMIZATION_LEVEL = 0;
				GCC_PREPROCESSOR_DEFINITIONS = (
					"DEBUG=1",
					"$(inherited)",
				);
				GCC_WARN_64_TO_32_BIT_CONVERSION = YES;
				GCC_WARN_ABOUT_RETURN_TYPE = YES_ERROR;
				GCC_WARN_UNDECLARED_SELECTOR = YES;
				GCC_WARN_UNINITIALIZED_AUTOS = YES_AGGRESSIVE;
				GCC_WARN_UNUSED_FUNCTION = YES;
				GCC_WARN_UNUSED_VARIABLE = YES;
				IPHONEOS_DEPLOYMENT_TARGET = 13.2;
				MTL_ENABLE_DEBUG_INFO = INCLUDE_SOURCE;
				MTL_FAST_MATH = YES;
				ONLY_ACTIVE_ARCH = YES;
				SDKROOT = iphoneos;
				SWIFT_ACTIVE_COMPILATION_CONDITIONS = DEBUG;
				SWIFT_OPTIMIZATION_LEVEL = "-Onone";
			};
			name = Debug;
		};
		F8DB721127E53B3600706BF7 /* Release */ = {
			isa = XCBuildConfiguration;
			buildSettings = {
				ALWAYS_SEARCH_USER_PATHS = NO;
				CLANG_ANALYZER_NONNULL = YES;
				CLANG_ANALYZER_NUMBER_OBJECT_CONVERSION = YES_AGGRESSIVE;
				CLANG_CXX_LANGUAGE_STANDARD = "gnu++14";
				CLANG_CXX_LIBRARY = "libc++";
				CLANG_ENABLE_MODULES = YES;
				CLANG_ENABLE_OBJC_ARC = YES;
				CLANG_ENABLE_OBJC_WEAK = YES;
				CLANG_WARN_BLOCK_CAPTURE_AUTORELEASING = YES;
				CLANG_WARN_BOOL_CONVERSION = YES;
				CLANG_WARN_COMMA = YES;
				CLANG_WARN_CONSTANT_CONVERSION = YES;
				CLANG_WARN_DEPRECATED_OBJC_IMPLEMENTATIONS = YES;
				CLANG_WARN_DIRECT_OBJC_ISA_USAGE = YES_ERROR;
				CLANG_WARN_DOCUMENTATION_COMMENTS = YES;
				CLANG_WARN_EMPTY_BODY = YES;
				CLANG_WARN_ENUM_CONVERSION = YES;
				CLANG_WARN_INFINITE_RECURSION = YES;
				CLANG_WARN_INT_CONVERSION = YES;
				CLANG_WARN_NON_LITERAL_NULL_CONVERSION = YES;
				CLANG_WARN_OBJC_IMPLICIT_RETAIN_SELF = YES;
				CLANG_WARN_OBJC_LITERAL_CONVERSION = YES;
				CLANG_WARN_OBJC_ROOT_CLASS = YES_ERROR;
				CLANG_WARN_RANGE_LOOP_ANALYSIS = YES;
				CLANG_WARN_STRICT_PROTOTYPES = YES;
				CLANG_WARN_SUSPICIOUS_MOVE = YES;
				CLANG_WARN_UNGUARDED_AVAILABILITY = YES_AGGRESSIVE;
				CLANG_WARN_UNREACHABLE_CODE = YES;
				CLANG_WARN__DUPLICATE_METHOD_MATCH = YES;
				COPY_PHASE_STRIP = NO;
				DEBUG_INFORMATION_FORMAT = "dwarf-with-dsym";
				ENABLE_NS_ASSERTIONS = NO;
				ENABLE_STRICT_OBJC_MSGSEND = YES;
				GCC_C_LANGUAGE_STANDARD = gnu11;
				GCC_NO_COMMON_BLOCKS = YES;
				GCC_WARN_64_TO_32_BIT_CONVERSION = YES;
				GCC_WARN_ABOUT_RETURN_TYPE = YES_ERROR;
				GCC_WARN_UNDECLARED_SELECTOR = YES;
				GCC_WARN_UNINITIALIZED_AUTOS = YES_AGGRESSIVE;
				GCC_WARN_UNUSED_FUNCTION = YES;
				GCC_WARN_UNUSED_VARIABLE = YES;
				IPHONEOS_DEPLOYMENT_TARGET = 13.2;
				MTL_ENABLE_DEBUG_INFO = NO;
				MTL_FAST_MATH = YES;
				SDKROOT = iphoneos;
				SWIFT_COMPILATION_MODE = wholemodule;
				SWIFT_OPTIMIZATION_LEVEL = "-O";
				VALIDATE_PRODUCT = YES;
			};
			name = Release;
		};
		F8DB721327E53B3600706BF7 /* Debug */ = {
			isa = XCBuildConfiguration;
			buildSettings = {
				ASSETCATALOG_COMPILER_APPICON_NAME = AppIcon;
				CODE_SIGN_STYLE = Automatic;
				DEVELOPMENT_ASSET_PATHS = "\"zad_4_2/Preview Content\"";
				ENABLE_PREVIEWS = YES;
				INFOPLIST_FILE = zad_4_2/Info.plist;
				LD_RUNPATH_SEARCH_PATHS = (
					"$(inherited)",
					"@executable_path/Frameworks",
				);
				PRODUCT_BUNDLE_IDENTIFIER = "PL.zad-4-2";
				PRODUCT_NAME = "$(TARGET_NAME)";
				SWIFT_VERSION = 5.0;
				TARGETED_DEVICE_FAMILY = "1,2";
			};
			name = Debug;
		};
		F8DB721427E53B3600706BF7 /* Release */ = {
			isa = XCBuildConfiguration;
			buildSettings = {
				ASSETCATALOG_COMPILER_APPICON_NAME = AppIcon;
				CODE_SIGN_STYLE = Automatic;
				DEVELOPMENT_ASSET_PATHS = "\"zad_4_2/Preview Content\"";
				ENABLE_PREVIEWS = YES;
				INFOPLIST_FILE = zad_4_2/Info.plist;
				LD_RUNPATH_SEARCH_PATHS = (
					"$(inherited)",
					"@executable_path/Frameworks",
				);
				PRODUCT_BUNDLE_IDENTIFIER = "PL.zad-4-2";
				PRODUCT_NAME = "$(TARGET_NAME)";
				SWIFT_VERSION = 5.0;
				TARGETED_DEVICE_FAMILY = "1,2";
			};
			name = Release;
		};
/* End XCBuildConfiguration section */

/* Begin XCConfigurationList section */
		F8DB71F927E53B3400706BF7 /* Build configuration list for PBXProject "zad_4_2" */ = {
			isa = XCConfigurationList;
			buildConfigurations = (
				F8DB721027E53B3600706BF7 /* Debug */,
				F8DB721127E53B3600706BF7 /* Release */,
			);
			defaultConfigurationIsVisible = 0;
			defaultConfigurationName = Release;
		};
		F8DB721227E53B3600706BF7 /* Build configuration list for PBXNativeTarget "zad_4_2" */ = {
			isa = XCConfigurationList;
			buildConfigurations = (
				F8DB721327E53B3600706BF7 /* Debug */,
				F8DB721427E53B3600706BF7 /* Release */,
			);
			defaultConfigurationIsVisible = 0;
			defaultConfigurationName = Release;
		};
/* End XCConfigurationList section */
	};
	rootObject = F8DB71F627E53B3400706BF7 /* Project object */;
}
