// !$*UTF8*$!
{
	archiveVersion = 1;
	classes = {
	};
	objectVersion = 50;
	objects = {

/* Begin PBXBuildFile section */
		F898215028135395000C22BD /* AppDelegate.swift in Sources */ = {isa = PBXBuildFile; fileRef = F898214F28135395000C22BD /* AppDelegate.swift */; };
		F898215228135395000C22BD /* SceneDelegate.swift in Sources */ = {isa = PBXBuildFile; fileRef = F898215128135395000C22BD /* SceneDelegate.swift */; };
		F898215428135395000C22BD /* ContentView.swift in Sources */ = {isa = PBXBuildFile; fileRef = F898215328135395000C22BD /* ContentView.swift */; };
		F898215628135396000C22BD /* Assets.xcassets in Resources */ = {isa = PBXBuildFile; fileRef = F898215528135396000C22BD /* Assets.xcassets */; };
		F898215928135396000C22BD /* Preview Assets.xcassets in Resources */ = {isa = PBXBuildFile; fileRef = F898215828135396000C22BD /* Preview Assets.xcassets */; };
		F898215C28135396000C22BD /* LaunchScreen.storyboard in Resources */ = {isa = PBXBuildFile; fileRef = F898215A28135396000C22BD /* LaunchScreen.storyboard */; };
		F8982165281357BA000C22BD /* Event.swift in Sources */ = {isa = PBXBuildFile; fileRef = F8982164281357BA000C22BD /* Event.swift */; };
		F898216928135E0F000C22BD /* EditEvent.swift in Sources */ = {isa = PBXBuildFile; fileRef = F898216828135E0F000C22BD /* EditEvent.swift */; };
/* End PBXBuildFile section */

/* Begin PBXFileReference section */
		F898214C28135395000C22BD /* zad_8_1.app */ = {isa = PBXFileReference; explicitFileType = wrapper.application; includeInIndex = 0; path = zad_8_1.app; sourceTree = BUILT_PRODUCTS_DIR; };
		F898214F28135395000C22BD /* AppDelegate.swift */ = {isa = PBXFileReference; lastKnownFileType = sourcecode.swift; path = AppDelegate.swift; sourceTree = "<group>"; };
		F898215128135395000C22BD /* SceneDelegate.swift */ = {isa = PBXFileReference; lastKnownFileType = sourcecode.swift; path = SceneDelegate.swift; sourceTree = "<group>"; };
		F898215328135395000C22BD /* ContentView.swift */ = {isa = PBXFileReference; lastKnownFileType = sourcecode.swift; path = ContentView.swift; sourceTree = "<group>"; };
		F898215528135396000C22BD /* Assets.xcassets */ = {isa = PBXFileReference; lastKnownFileType = folder.assetcatalog; path = Assets.xcassets; sourceTree = "<group>"; };
		F898215828135396000C22BD /* Preview Assets.xcassets */ = {isa = PBXFileReference; lastKnownFileType = folder.assetcatalog; path = "Preview Assets.xcassets"; sourceTree = "<group>"; };
		F898215B28135396000C22BD /* Base */ = {isa = PBXFileReference; lastKnownFileType = file.storyboard; name = Base; path = Base.lproj/LaunchScreen.storyboard; sourceTree = "<group>"; };
		F898215D28135396000C22BD /* Info.plist */ = {isa = PBXFileReference; lastKnownFileType = text.plist.xml; path = Info.plist; sourceTree = "<group>"; };
		F8982164281357BA000C22BD /* Event.swift */ = {isa = PBXFileReference; lastKnownFileType = sourcecode.swift; path = Event.swift; sourceTree = "<group>"; };
		F898216828135E0F000C22BD /* EditEvent.swift */ = {isa = PBXFileReference; lastKnownFileType = sourcecode.swift; path = EditEvent.swift; sourceTree = "<group>"; };
/* End PBXFileReference section */

/* Begin PBXFrameworksBuildPhase section */
		F898214928135395000C22BD /* Frameworks */ = {
			isa = PBXFrameworksBuildPhase;
			buildActionMask = 2147483647;
			files = (
			);
			runOnlyForDeploymentPostprocessing = 0;
		};
/* End PBXFrameworksBuildPhase section */

/* Begin PBXGroup section */
		F898214328135395000C22BD = {
			isa = PBXGroup;
			children = (
				F898214E28135395000C22BD /* zad_8_1 */,
				F898214D28135395000C22BD /* Products */,
			);
			sourceTree = "<group>";
		};
		F898214D28135395000C22BD /* Products */ = {
			isa = PBXGroup;
			children = (
				F898214C28135395000C22BD /* zad_8_1.app */,
			);
			name = Products;
			sourceTree = "<group>";
		};
		F898214E28135395000C22BD /* zad_8_1 */ = {
			isa = PBXGroup;
			children = (
				F898216628135DE5000C22BD /* Views */,
				F8982163281357AA000C22BD /* Classes */,
				F898214F28135395000C22BD /* AppDelegate.swift */,
				F898215128135395000C22BD /* SceneDelegate.swift */,
				F898215328135395000C22BD /* ContentView.swift */,
				F898215528135396000C22BD /* Assets.xcassets */,
				F898215A28135396000C22BD /* LaunchScreen.storyboard */,
				F898215D28135396000C22BD /* Info.plist */,
				F898215728135396000C22BD /* Preview Content */,
			);
			path = zad_8_1;
			sourceTree = "<group>";
		};
		F898215728135396000C22BD /* Preview Content */ = {
			isa = PBXGroup;
			children = (
				F898215828135396000C22BD /* Preview Assets.xcassets */,
			);
			path = "Preview Content";
			sourceTree = "<group>";
		};
		F8982163281357AA000C22BD /* Classes */ = {
			isa = PBXGroup;
			children = (
				F8982164281357BA000C22BD /* Event.swift */,
			);
			path = Classes;
			sourceTree = "<group>";
		};
		F898216628135DE5000C22BD /* Views */ = {
			isa = PBXGroup;
			children = (
				F898216828135E0F000C22BD /* EditEvent.swift */,
			);
			path = Views;
			sourceTree = "<group>";
		};
/* End PBXGroup section */

/* Begin PBXNativeTarget section */
		F898214B28135395000C22BD /* zad_8_1 */ = {
			isa = PBXNativeTarget;
			buildConfigurationList = F898216028135396000C22BD /* Build configuration list for PBXNativeTarget "zad_8_1" */;
			buildPhases = (
				F898214828135395000C22BD /* Sources */,
				F898214928135395000C22BD /* Frameworks */,
				F898214A28135395000C22BD /* Resources */,
			);
			buildRules = (
			);
			dependencies = (
			);
			name = zad_8_1;
			productName = zad_8_1;
			productReference = F898214C28135395000C22BD /* zad_8_1.app */;
			productType = "com.apple.product-type.application";
		};
/* End PBXNativeTarget section */

/* Begin PBXProject section */
		F898214428135395000C22BD /* Project object */ = {
			isa = PBXProject;
			attributes = {
				LastSwiftUpdateCheck = 1130;
				LastUpgradeCheck = 1130;
				ORGANIZATIONNAME = "Rafał Kuźmiczuk";
				TargetAttributes = {
					F898214B28135395000C22BD = {
						CreatedOnToolsVersion = 11.3.1;
					};
				};
			};
			buildConfigurationList = F898214728135395000C22BD /* Build configuration list for PBXProject "zad_8_1" */;
			compatibilityVersion = "Xcode 9.3";
			developmentRegion = en;
			hasScannedForEncodings = 0;
			knownRegions = (
				en,
				Base,
			);
			mainGroup = F898214328135395000C22BD;
			productRefGroup = F898214D28135395000C22BD /* Products */;
			projectDirPath = "";
			projectRoot = "";
			targets = (
				F898214B28135395000C22BD /* zad_8_1 */,
			);
		};
/* End PBXProject section */

/* Begin PBXResourcesBuildPhase section */
		F898214A28135395000C22BD /* Resources */ = {
			isa = PBXResourcesBuildPhase;
			buildActionMask = 2147483647;
			files = (
				F898215C28135396000C22BD /* LaunchScreen.storyboard in Resources */,
				F898215928135396000C22BD /* Preview Assets.xcassets in Resources */,
				F898215628135396000C22BD /* Assets.xcassets in Resources */,
			);
			runOnlyForDeploymentPostprocessing = 0;
		};
/* End PBXResourcesBuildPhase section */

/* Begin PBXSourcesBuildPhase section */
		F898214828135395000C22BD /* Sources */ = {
			isa = PBXSourcesBuildPhase;
			buildActionMask = 2147483647;
			files = (
				F8982165281357BA000C22BD /* Event.swift in Sources */,
				F898215028135395000C22BD /* AppDelegate.swift in Sources */,
				F898216928135E0F000C22BD /* EditEvent.swift in Sources */,
				F898215228135395000C22BD /* SceneDelegate.swift in Sources */,
				F898215428135395000C22BD /* ContentView.swift in Sources */,
			);
			runOnlyForDeploymentPostprocessing = 0;
		};
/* End PBXSourcesBuildPhase section */

/* Begin PBXVariantGroup section */
		F898215A28135396000C22BD /* LaunchScreen.storyboard */ = {
			isa = PBXVariantGroup;
			children = (
				F898215B28135396000C22BD /* Base */,
			);
			name = LaunchScreen.storyboard;
			sourceTree = "<group>";
		};
/* End PBXVariantGroup section */

/* Begin XCBuildConfiguration section */
		F898215E28135396000C22BD /* Debug */ = {
			isa = XCBuildConfiguration;
			buildSettings = {
				ALWAYS_SEARCH_USER_PATHS = NO;
				CLANG_ANALYZER_NONNULL = YES;
				CLANG_ANALYZER_NUMBER_OBJECT_CONVERSION = YES_AGGRESSIVE;
				CLANG_CXX_LANGUAGE_STANDARD = "gnu++14";
				CLANG_CXX_LIBRARY = "libc++";
				CLANG_ENABLE_MODULES = YES;
				CLANG_ENABLE_OBJC_ARC = YES;
				CLANG_ENABLE_OBJC_WEAK = YES;
				CLANG_WARN_BLOCK_CAPTURE_AUTORELEASING = YES;
				CLANG_WARN_BOOL_CONVERSION = YES;
				CLANG_WARN_COMMA = YES;
				CLANG_WARN_CONSTANT_CONVERSION = YES;
				CLANG_WARN_DEPRECATED_OBJC_IMPLEMENTATIONS = YES;
				CLANG_WARN_DIRECT_OBJC_ISA_USAGE = YES_ERROR;
				CLANG_WARN_DOCUMENTATION_COMMENTS = YES;
				CLANG_WARN_EMPTY_BODY = YES;
				CLANG_WARN_ENUM_CONVERSION = YES;
				CLANG_WARN_INFINITE_RECURSION = YES;
				CLANG_WARN_INT_CONVERSION = YES;
				CLANG_WARN_NON_LITERAL_NULL_CONVERSION = YES;
				CLANG_WARN_OBJC_IMPLICIT_RETAIN_SELF = YES;
				CLANG_WARN_OBJC_LITERAL_CONVERSION = YES;
				CLANG_WARN_OBJC_ROOT_CLASS = YES_ERROR;
				CLANG_WARN_RANGE_LOOP_ANALYSIS = YES;
				CLANG_WARN_STRICT_PROTOTYPES = YES;
				CLANG_WARN_SUSPICIOUS_MOVE = YES;
				CLANG_WARN_UNGUARDED_AVAILABILITY = YES_AGGRESSIVE;
				CLANG_WARN_UNREACHABLE_CODE = YES;
				CLANG_WARN__DUPLICATE_METHOD_MATCH = YES;
				COPY_PHASE_STRIP = NO;
				DEBUG_INFORMATION_FORMAT = dwarf;
				ENABLE_STRICT_OBJC_MSGSEND = YES;
				ENABLE_TESTABILITY = YES;
				GCC_C_LANGUAGE_STANDARD = gnu11;
				GCC_DYNAMIC_NO_PIC = NO;
				GCC_NO_COMMON_BLOCKS = YES;
				GCC_OPTIMIZATION_LEVEL = 0;
				GCC_PREPROCESSOR_DEFINITIONS = (
					"DEBUG=1",
					"$(inherited)",
				);
				GCC_WARN_64_TO_32_BIT_CONVERSION = YES;
				GCC_WARN_ABOUT_RETURN_TYPE = YES_ERROR;
				GCC_WARN_UNDECLARED_SELECTOR = YES;
				GCC_WARN_UNINITIALIZED_AUTOS = YES_AGGRESSIVE;
				GCC_WARN_UNUSED_FUNCTION = YES;
				GCC_WARN_UNUSED_VARIABLE = YES;
				IPHONEOS_DEPLOYMENT_TARGET = 13.2;
				MTL_ENABLE_DEBUG_INFO = INCLUDE_SOURCE;
				MTL_FAST_MATH = YES;
				ONLY_ACTIVE_ARCH = YES;
				SDKROOT = iphoneos;
				SWIFT_ACTIVE_COMPILATION_CONDITIONS = DEBUG;
				SWIFT_OPTIMIZATION_LEVEL = "-Onone";
			};
			name = Debug;
		};
		F898215F28135396000C22BD /* Release */ = {
			isa = XCBuildConfiguration;
			buildSettings = {
				ALWAYS_SEARCH_USER_PATHS = NO;
				CLANG_ANALYZER_NONNULL = YES;
				CLANG_ANALYZER_NUMBER_OBJECT_CONVERSION = YES_AGGRESSIVE;
				CLANG_CXX_LANGUAGE_STANDARD = "gnu++14";
				CLANG_CXX_LIBRARY = "libc++";
				CLANG_ENABLE_MODULES = YES;
				CLANG_ENABLE_OBJC_ARC = YES;
				CLANG_ENABLE_OBJC_WEAK = YES;
				CLANG_WARN_BLOCK_CAPTURE_AUTORELEASING = YES;
				CLANG_WARN_BOOL_CONVERSION = YES;
				CLANG_WARN_COMMA = YES;
				CLANG_WARN_CONSTANT_CONVERSION = YES;
				CLANG_WARN_DEPRECATED_OBJC_IMPLEMENTATIONS = YES;
				CLANG_WARN_DIRECT_OBJC_ISA_USAGE = YES_ERROR;
				CLANG_WARN_DOCUMENTATION_COMMENTS = YES;
				CLANG_WARN_EMPTY_BODY = YES;
				CLANG_WARN_ENUM_CONVERSION = YES;
				CLANG_WARN_INFINITE_RECURSION = YES;
				CLANG_WARN_INT_CONVERSION = YES;
				CLANG_WARN_NON_LITERAL_NULL_CONVERSION = YES;
				CLANG_WARN_OBJC_IMPLICIT_RETAIN_SELF = YES;
				CLANG_WARN_OBJC_LITERAL_CONVERSION = YES;
				CLANG_WARN_OBJC_ROOT_CLASS = YES_ERROR;
				CLANG_WARN_RANGE_LOOP_ANALYSIS = YES;
				CLANG_WARN_STRICT_PROTOTYPES = YES;
				CLANG_WARN_SUSPICIOUS_MOVE = YES;
				CLANG_WARN_UNGUARDED_AVAILABILITY = YES_AGGRESSIVE;
				CLANG_WARN_UNREACHABLE_CODE = YES;
				CLANG_WARN__DUPLICATE_METHOD_MATCH = YES;
				COPY_PHASE_STRIP = NO;
				DEBUG_INFORMATION_FORMAT = "dwarf-with-dsym";
				ENABLE_NS_ASSERTIONS = NO;
				ENABLE_STRICT_OBJC_MSGSEND = YES;
				GCC_C_LANGUAGE_STANDARD = gnu11;
				GCC_NO_COMMON_BLOCKS = YES;
				GCC_WARN_64_TO_32_BIT_CONVERSION = YES;
				GCC_WARN_ABOUT_RETURN_TYPE = YES_ERROR;
				GCC_WARN_UNDECLARED_SELECTOR = YES;
				GCC_WARN_UNINITIALIZED_AUTOS = YES_AGGRESSIVE;
				GCC_WARN_UNUSED_FUNCTION = YES;
				GCC_WARN_UNUSED_VARIABLE = YES;
				IPHONEOS_DEPLOYMENT_TARGET = 13.2;
				MTL_ENABLE_DEBUG_INFO = NO;
				MTL_FAST_MATH = YES;
				SDKROOT = iphoneos;
				SWIFT_COMPILATION_MODE = wholemodule;
				SWIFT_OPTIMIZATION_LEVEL = "-O";
				VALIDATE_PRODUCT = YES;
			};
			name = Release;
		};
		F898216128135396000C22BD /* Debug */ = {
			isa = XCBuildConfiguration;
			buildSettings = {
				ASSETCATALOG_COMPILER_APPICON_NAME = AppIcon;
				CODE_SIGN_STYLE = Automatic;
				DEVELOPMENT_ASSET_PATHS = "\"zad_8_1/Preview Content\"";
				ENABLE_PREVIEWS = YES;
				INFOPLIST_FILE = zad_8_1/Info.plist;
				LD_RUNPATH_SEARCH_PATHS = (
					"$(inherited)",
					"@executable_path/Frameworks",
				);
				PRODUCT_BUNDLE_IDENTIFIER = "PL.zad-8-1";
				PRODUCT_NAME = "$(TARGET_NAME)";
				SWIFT_VERSION = 5.0;
				TARGETED_DEVICE_FAMILY = "1,2";
			};
			name = Debug;
		};
		F898216228135396000C22BD /* Release */ = {
			isa = XCBuildConfiguration;
			buildSettings = {
				ASSETCATALOG_COMPILER_APPICON_NAME = AppIcon;
				CODE_SIGN_STYLE = Automatic;
				DEVELOPMENT_ASSET_PATHS = "\"zad_8_1/Preview Content\"";
				ENABLE_PREVIEWS = YES;
				INFOPLIST_FILE = zad_8_1/Info.plist;
				LD_RUNPATH_SEARCH_PATHS = (
					"$(inherited)",
					"@executable_path/Frameworks",
				);
				PRODUCT_BUNDLE_IDENTIFIER = "PL.zad-8-1";
				PRODUCT_NAME = "$(TARGET_NAME)";
				SWIFT_VERSION = 5.0;
				TARGETED_DEVICE_FAMILY = "1,2";
			};
			name = Release;
		};
/* End XCBuildConfiguration section */

/* Begin XCConfigurationList section */
		F898214728135395000C22BD /* Build configuration list for PBXProject "zad_8_1" */ = {
			isa = XCConfigurationList;
			buildConfigurations = (
				F898215E28135396000C22BD /* Debug */,
				F898215F28135396000C22BD /* Release */,
			);
			defaultConfigurationIsVisible = 0;
			defaultConfigurationName = Release;
		};
		F898216028135396000C22BD /* Build configuration list for PBXNativeTarget "zad_8_1" */ = {
			isa = XCConfigurationList;
			buildConfigurations = (
				F898216128135396000C22BD /* Debug */,
				F898216228135396000C22BD /* Release */,
			);
			defaultConfigurationIsVisible = 0;
			defaultConfigurationName = Release;
		};
/* End XCConfigurationList section */
	};
	rootObject = F898214428135395000C22BD /* Project object */;
}
